
Microsoft Visual Studio Solution File, Format Version 12.00
# Visual Studio Version 17
VisualStudioVersion = 17.8.34316.72
MinimumVisualStudioVersion = 10.0.40219.1
Project("{FAE04EC0-301F-11D3-BF4B-00C04F79EFBC}") = "LABB 1", "LABB 1.csproj", "{49B116FC-0C6C-4911-A51B-A3F4BA4E488D}"
EndProject
Global
	GlobalSection(SolutionConfigurationPlatforms) = preSolution
		Debug|Any CPU = Debug|Any CPU
		Release|Any CPU = Release|Any CPU
	EndGlobalSection
	GlobalSection(ProjectConfigurationPlatforms) = postSolution
		{49B116FC-0C6C-4911-A51B-A3F4BA4E488D}.Debug|Any CPU.ActiveCfg = Debug|Any CPU
		{49B116FC-0C6C-4911-A51B-A3F4BA4E488D}.Debug|Any CPU.Build.0 = Debug|Any CPU
		{49B116FC-0C6C-4911-A51B-A3F4BA4E488D}.Release|Any CPU.ActiveCfg = Release|Any CPU
		{49B116FC-0C6C-4911-A51B-A3F4BA4E488D}.Release|Any CPU.Build.0 = Release|Any CPU
	EndGlobalSection
	GlobalSection(SolutionProperties) = preSolution
		HideSolutionNode = FALSE
	EndGlobalSection
	GlobalSection(ExtensibilityGlobals) = postSolution
		SolutionGuid = {BA7D65BA-CEFD-461A-A785-177D724A15AC}
	EndGlobalSection
EndGlobal
